
Microsoft Visual Studio Solution File, Format Version 12.00
# Visual Studio 2013
VisualStudioVersion = 12.0.30723.0
MinimumVisualStudioVersion = 10.0.40219.1
Project("{FAE04EC0-301F-11D3-BF4B-00C04F79EFBC}") = "ConsoleApplication23", "ConsoleApplication23\ConsoleApplication23.csproj", "{DDDFAA58-9AD8-42B2-B6C9-F2C54C3E954B}"
EndProject
Global
	GlobalSection(SolutionConfigurationPlatforms) = preSolution
		Debug|Any CPU = Debug|Any CPU
		Release|Any CPU = Release|Any CPU
	EndGlobalSection
	GlobalSection(ProjectConfigurationPlatforms) = postSolution
		{DDDFAA58-9AD8-42B2-B6C9-F2C54C3E954B}.Debug|Any CPU.ActiveCfg = Debug|Any CPU
		{DDDFAA58-9AD8-42B2-B6C9-F2C54C3E954B}.Debug|Any CPU.Build.0 = Debug|Any CPU
		{DDDFAA58-9AD8-42B2-B6C9-F2C54C3E954B}.Release|Any CPU.ActiveCfg = Release|Any CPU
		{DDDFAA58-9AD8-42B2-B6C9-F2C54C3E954B}.Release|Any CPU.Build.0 = Release|Any CPU
	EndGlobalSection
	GlobalSection(SolutionProperties) = preSolution
		HideSolutionNode = FALSE
	EndGlobalSection
EndGlobal
